
Microsoft Visual Studio Solution File, Format Version 12.00
# Visual Studio 15
VisualStudioVersion = 15.0.28307.960
MinimumVisualStudioVersion = 10.0.40219.1
Project("{FAE04EC0-301F-11D3-BF4B-00C04F79EFBC}") = "StudySimulation.PL", "StudySimulation\StudySimulation.PL.csproj", "{0F5778DB-86F2-4A77-A423-237B8FC81437}"
EndProject
Project("{FAE04EC0-301F-11D3-BF4B-00C04F79EFBC}") = "StudySimulation.DAL", "StudySimulation.DAL\StudySimulation.DAL.csproj", "{AAE70389-2FC6-4ECE-8670-0590CAD3AC7E}"
EndProject
Project("{FAE04EC0-301F-11D3-BF4B-00C04F79EFBC}") = "StudySimulation.BLL", "StudySimulation.BLL\StudySimulation.BLL.csproj", "{06B94D1B-0AF9-4A12-8075-6C449184E1FF}"
EndProject
Global
	GlobalSection(SolutionConfigurationPlatforms) = preSolution
		Debug|Any CPU = Debug|Any CPU
		Release|Any CPU = Release|Any CPU
	EndGlobalSection
	GlobalSection(ProjectConfigurationPlatforms) = postSolution
		{0F5778DB-86F2-4A77-A423-237B8FC81437}.Debug|Any CPU.ActiveCfg = Debug|Any CPU
		{0F5778DB-86F2-4A77-A423-237B8FC81437}.Debug|Any CPU.Build.0 = Debug|Any CPU
		{0F5778DB-86F2-4A77-A423-237B8FC81437}.Release|Any CPU.ActiveCfg = Release|Any CPU
		{0F5778DB-86F2-4A77-A423-237B8FC81437}.Release|Any CPU.Build.0 = Release|Any CPU
		{AAE70389-2FC6-4ECE-8670-0590CAD3AC7E}.Debug|Any CPU.ActiveCfg = Debug|Any CPU
		{AAE70389-2FC6-4ECE-8670-0590CAD3AC7E}.Debug|Any CPU.Build.0 = Debug|Any CPU
		{AAE70389-2FC6-4ECE-8670-0590CAD3AC7E}.Release|Any CPU.ActiveCfg = Release|Any CPU
		{AAE70389-2FC6-4ECE-8670-0590CAD3AC7E}.Release|Any CPU.Build.0 = Release|Any CPU
		{06B94D1B-0AF9-4A12-8075-6C449184E1FF}.Debug|Any CPU.ActiveCfg = Debug|Any CPU
		{06B94D1B-0AF9-4A12-8075-6C449184E1FF}.Debug|Any CPU.Build.0 = Debug|Any CPU
		{06B94D1B-0AF9-4A12-8075-6C449184E1FF}.Release|Any CPU.ActiveCfg = Release|Any CPU
		{06B94D1B-0AF9-4A12-8075-6C449184E1FF}.Release|Any CPU.Build.0 = Release|Any CPU
	EndGlobalSection
	GlobalSection(SolutionProperties) = preSolution
		HideSolutionNode = FALSE
	EndGlobalSection
	GlobalSection(ExtensibilityGlobals) = postSolution
		SolutionGuid = {5EA7BAE9-5F58-45FD-B139-977A4CB01D66}
	EndGlobalSection
EndGlobal
